<?xml version="1.0" encoding="UTF-8" standalone="yes" ?>
<CodeBlocks_project_file>
	<FileVersion major="1" minor="6" />
	<Project>
		<Option title="wxSRparlabVTKPREM" />
		<Option pch_mode="2" />
		<Option compiler="gcc" />
		<Build>
			<Target title="Debug">
				<Option output="../../../../../../../builds/Debug/bin/wxSRparlabVTKPREMd.exe" prefix_auto="0" extension_auto="0" />
				<Option object_output="../../../../../../../builds/Debug/obj" />
				<Option type="0" />
				<Option compiler="gcc" />
				<Compiler>
					<Add option="-g" />
					<Add option="-DJMU_USE_VTK" />
					<Add option="-DJMU_TGTFOLLOW" />
					<Add option="-DDEBUG" />
					<Add option="-D_DEBUG" />
					<Add option="-DWIN32" />
					<Add option="-D_WINDOWS" />
					<Add directory="../../../../../../../Software/ticpp" />
					<Add directory="../../libSRPLscat" />
					<Add directory="../../libSRPLavg" />
					<Add directory="../../libSRPLcoordTrf" />
					<Add directory="../../libSRPLsegm" />
					<Add directory="../../libSRPLransac" />
					<Add directory="../../../../../../../Software/vtk504bin" />
					<Add directory="../../../../../../../Software/VTK/vtk-5.0.4/Graphics" />
					<Add directory="../../../../../../../Software/VTK/vtk-5.0.4/Rendering" />
					<Add directory="../../../../../../../Software/VTK/vtk-5.0.4/Common" />
					<Add directory="../../../../../../../Software/VTK/vtk-5.0.4/Filtering" />
					<Add directory="../../../../../../../Software/VTK/vtk-5.0.4/IO" />
					<Add directory="../../../../../../../Software/VTK/vtk-5.0.4/Hybrid" />
					<Add directory="../../../../../../../Software/fftw/fftw-3.1.2-dll" />
				</Compiler>
				<Linker>
					<Add option="-mwindows" />
					<Add directory="../../../../../../../Software/ticpp/lib" />
					<Add directory="../../../../../../../Software/vtk504bin" />
					<Add directory="../../../../../../../builds/Debug/bin" />
					<Add directory="../../../../../../../Software/fftw/fftw-3.1.2-dll" />
					<Add library="vtkGraphics" />
					<Add library="vtkRendering" />
					<Add library="vtkCommon" />
					<Add library="vtkFiltering" />
					<Add library="vtkIO" />
					<Add library="vtkHybrid" />
					<Add library="ticppd" />
					<Add library="SRPLscatd" />
					<Add library="SRPLavgd" />
					<Add library="SRPLcoordTrfd" />
					<Add library="SRPLsegmd" />
					<Add library="SRPLransacd" />
					<Add library="libfftw3-3" />
				</Linker>
			</Target>
			<Target title="Release">
				<Option output="../../../../../../../builds/Release/bin/wxSRparlabVTKPREM.exe" prefix_auto="0" extension_auto="0" />
				<Option object_output="../../../../../../../builds/Release/obj" />
				<Option type="0" />
				<Option compiler="gcc" />
				<Compiler>
					<Add option="-O3" />
					<Add option="-DJMU_USE_VTK" />
					<Add option="-DJMU_TGTFOLLOW" />
					<Add option="-DNDEBUG" />
					<Add option="-DWIN32" />
					<Add option="-D_WINDOWS" />
					<Add directory="../../../../../../../Software/ticpp" />
					<Add directory="../../libSRPLscat" />
					<Add directory="../../libSRPLavg" />
					<Add directory="../../libSRPLcoordTrf" />
					<Add directory="../../libSRPLsegm" />
					<Add directory="../../libSRPLransac" />
					<Add directory="../../../../../../../Software/vtk504bin" />
					<Add directory="../../../../../../../Software/VTK/vtk-5.0.4/Graphics" />
					<Add directory="../../../../../../../Software/VTK/vtk-5.0.4/Rendering" />
					<Add directory="../../../../../../../Software/VTK/vtk-5.0.4/Common" />
					<Add directory="../../../../../../../Software/VTK/vtk-5.0.4/Filtering" />
					<Add directory="../../../../../../../Software/VTK/vtk-5.0.4/IO" />
					<Add directory="../../../../../../../Software/VTK/vtk-5.0.4/Hybrid" />
					<Add directory="../../../../../../../Software/fftw/fftw-3.1.2-dll" />
				</Compiler>
				<Linker>
					<Add option="-s" />
					<Add option="-mwindows" />
					<Add directory="../../../../../../../Software/ticpp/lib" />
					<Add directory="../../../../../../../Software/vtk504bin" />
					<Add directory="../../../../../../../builds/Release/bin" />
					<Add directory="../../../../../../../Software/fftw/fftw-3.1.2-dll" />
					<Add library="vtkGraphics" />
					<Add library="vtkRendering" />
					<Add library="vtkCommon" />
					<Add library="vtkFiltering" />
					<Add library="vtkIO" />
					<Add library="vtkHybrid" />
					<Add library="ticpp" />
					<Add library="SRPLscat" />
					<Add library="SRPLavg" />
					<Add library="SRPLcoordTrf" />
					<Add library="SRPLsegm" />
					<Add library="SRPLransac" />
					<Add library="libfftw3-3" />
				</Linker>
			</Target>
		</Build>
		<Unit filename="CamFrame.cpp">
			<Option compilerVar="CPP" />
		</Unit>
		<Unit filename="CamPanelSettinsgs.cpp">
			<Option compilerVar="CPP" />
		</Unit>
		<Unit filename="CamViewData.cpp">
			<Option compilerVar="CPP" />
		</Unit>
		<Unit filename="camVtkView.cpp">
			<Option compilerVar="CPP" />
		</Unit>
		<Unit filename="CMainWnd.cpp">
			<Option compilerVar="CPP" />
		</Unit>
		<Unit filename="srDummy.cpp">
			<Option compilerVar="CPP" />
		</Unit>
		<Unit filename="wxSrApp.cpp">
			<Option compilerVar="CPP" />
		</Unit>
		<Unit filename="wxSRvtkView.cpp">
			<Option compilerVar="CPP" />
		</Unit>
		<Unit filename="CamFrame.h">
		</Unit>
		<Unit filename="CamPanelSettings.h">
		</Unit>
		<Unit filename="CamViewData.h">
		</Unit>
		<Unit filename="camVtkView.h">
		</Unit>
		<Unit filename="CMainWnd.h">
		</Unit>
		<Unit filename="lutDef.h">
		</Unit>
		<Unit filename="srDummy.h">
		</Unit>
		<Unit filename="srDummyDefines.h">
		</Unit>
		<Unit filename="wxSrApp.h">
		</Unit>
		<Unit filename="wxSRparlab.h">
		</Unit>
		<Unit filename="wxSRvtkView.h">
		</Unit>
		<Extensions />
	</Project>
</CodeBlocks_project_file>

