<?xml version="1.0" encoding="UTF-8" standalone="yes" ?>
<CodeBlocks_project_file>
	<FileVersion major="1" minor="6" />
	<Project>
		<Option title="wxSRparlabVTKPREM" />
		<Option pch_mode="2" />
		<Option compiler="gcc" />
		<Build>
			<Target title="Debug">
				<Option output="../../../../../../../builds/Debug/bin/wxSRparlabVTKPREM.exe" prefix_auto="0" extension_auto="0" />
				<Option object_output="obj/Debug" />
				<Option type="0" />
				<Option compiler="gcc" />
				<Compiler>
					<Add option="-g" />
					<Add directory="C:\wxWidgets-2.8.7/include" />
				</Compiler>
				<Linker>
					<Add directory="../../../../../../../builds/Debug/bin" />
					<Add directory="C:\wxWidgets-2.8.7/lib/vc_dll" />
					<Add directory="C:\wxWidgets-2.8.7/lib/vc_lib" />
					<Add library="comctl32" />
					<Add library="rpcrt4" />
					<Add library="winmm" />
					<Add library="advapi32" />
					<Add library="wsock32" />
				</Linker>
			</Target>
			<Target title="Release">
				<Option output="../../../../../../../builds/Release/bin/wxSRparlabVTKPREM.exe" prefix_auto="0" extension_auto="0" />
				<Option object_output="obj/Release" />
				<Option type="0" />
				<Option compiler="gcc" />
				<Compiler>
					<Add option="-O" />
					<Add directory="C:\wxWidgets-2.8.7/include" />
				</Compiler>
				<Linker>
					<Add option="-s" />
					<Add directory="../../../../../../../builds/Release/bin" />
					<Add directory="C:\wxWidgets-2.8.7/lib/vc_dll" />
					<Add directory="C:\wxWidgets-2.8.7/lib/vc_lib" />
					<Add library="comctl32" />
					<Add library="rpcrt4" />
					<Add library="winmm" />
					<Add library="advapi32" />
					<Add library="wsock32" />
				</Linker>
			</Target>
			<Target title="DebugVTK">
				<Option output="C:/builds/Debug/bin/wxSRparlabVTKPREM.exe" prefix_auto="0" extension_auto="0" />
				<Option object_output="C:\builds/Debug/obj" />
				<Option type="0" />
				<Option compiler="gcc" />
				<Compiler>
					<Add option="-g" />
					<Add directory="C:\wxWidgets-2.8.7/include" />
				</Compiler>
				<Linker>
					<Add directory="C:\builds/Debug/bin" />
					<Add directory=".." />
					<Add directory="C:\wxWidgets-2.8.7/lib/vc_dll" />
					<Add directory="C:\wxWidgets-2.8.7/lib/vc_lib" />
					<Add library="comctl32" />
					<Add library="rpcrt4" />
					<Add library="winmm" />
					<Add library="advapi32" />
					<Add library="wsock32" />
					<Add library="wxmsw28d_core" />
					<Add library="wxbase28d" />
				</Linker>
			</Target>
			<Target title="ReleaseVTK">
				<Option output="C:/builds/Release/bin/wxSRparlabVTKPREM.exe" prefix_auto="0" extension_auto="0" />
				<Option object_output="C:\builds/Release/obj" />
				<Option type="0" />
				<Option compiler="gcc" />
				<Compiler>
					<Add option="-g" />
					<Add option="-O3" />
					<Add option="-DNDEBUG" />
					<Add directory="C:\wxWidgets-2.8.7/include" />
				</Compiler>
				<Linker>
					<Add directory="C:\builds/Release/bin" />
					<Add directory=".." />
					<Add directory="C:\wxWidgets-2.8.7/lib/vc_dll" />
					<Add directory="C:\wxWidgets-2.8.7/lib/vc_lib" />
					<Add library="comctl32" />
					<Add library="rpcrt4" />
					<Add library="winmm" />
					<Add library="advapi32" />
					<Add library="wsock32" />
					<Add library="wxmsw28_core" />
					<Add library="wxbase28" />
				</Linker>
			</Target>
		</Build>
		<Unit filename="CamFrame.h">
			<Option compilerVar="CPP" />
			<Option target="Debug" />
			<Option target="Release" />
			<Option target="DebugVTK" />
			<Option target="ReleaseVTK" />
		</Unit>
		<Unit filename="CamPanelSettings.h">
			<Option compilerVar="CPP" />
			<Option target="Debug" />
			<Option target="Release" />
			<Option target="DebugVTK" />
			<Option target="ReleaseVTK" />
		</Unit>
		<Unit filename="CamViewData.h">
			<Option compilerVar="CPP" />
			<Option target="Debug" />
			<Option target="Release" />
			<Option target="DebugVTK" />
			<Option target="ReleaseVTK" />
		</Unit>
		<Unit filename="CMainWnd.h">
			<Option compilerVar="CPP" />
			<Option target="Debug" />
			<Option target="Release" />
			<Option target="DebugVTK" />
			<Option target="ReleaseVTK" />
		</Unit>
		<Unit filename="srDummy.h">
			<Option compilerVar="CPP" />
			<Option target="Debug" />
			<Option target="Release" />
			<Option target="DebugVTK" />
			<Option target="ReleaseVTK" />
		</Unit>
		<Unit filename="wxSrApp.h">
			<Option compilerVar="CPP" />
			<Option target="Debug" />
			<Option target="Release" />
			<Option target="DebugVTK" />
			<Option target="ReleaseVTK" />
		</Unit>
		<Unit filename="wxSRparlab.h">
			<Option compilerVar="CPP" />
			<Option target="Debug" />
			<Option target="Release" />
			<Option target="DebugVTK" />
			<Option target="ReleaseVTK" />
		</Unit>
		<Unit filename="wxSRvtkView.h">
			<Option compilerVar="CPP" />
			<Option target="Debug" />
			<Option target="Release" />
			<Option target="DebugVTK" />
			<Option target="ReleaseVTK" />
		</Unit>
		<Unit filename="CamFrame.cpp">
			<Option compilerVar="CPP" />
			<Option target="Debug" />
			<Option target="Release" />
			<Option target="DebugVTK" />
			<Option target="ReleaseVTK" />
		</Unit>
		<Unit filename="CamPanelSettinsgs.cpp">
			<Option compilerVar="CPP" />
			<Option target="Debug" />
			<Option target="Release" />
			<Option target="DebugVTK" />
			<Option target="ReleaseVTK" />
		</Unit>
		<Unit filename="CamViewData.cpp">
			<Option compilerVar="CPP" />
			<Option target="Debug" />
			<Option target="Release" />
			<Option target="DebugVTK" />
			<Option target="ReleaseVTK" />
		</Unit>
		<Unit filename="CMainWnd.cpp">
			<Option compilerVar="CPP" />
			<Option target="Debug" />
			<Option target="Release" />
			<Option target="DebugVTK" />
			<Option target="ReleaseVTK" />
		</Unit>
		<Unit filename="srDummy.cpp">
			<Option compilerVar="CPP" />
			<Option target="Debug" />
			<Option target="Release" />
			<Option target="DebugVTK" />
			<Option target="ReleaseVTK" />
		</Unit>
		<Unit filename="wxSrApp.cpp">
			<Option compilerVar="CPP" />
			<Option target="Debug" />
			<Option target="Release" />
			<Option target="DebugVTK" />
			<Option target="ReleaseVTK" />
		</Unit>
		<Unit filename="wxSRvtkView.cpp">
			<Option compilerVar="CPP" />
			<Option target="Debug" />
			<Option target="Release" />
			<Option target="DebugVTK" />
			<Option target="ReleaseVTK" />
		</Unit>
		<Extensions />
	</Project>
</CodeBlocks_project_file>
